
Microsoft Visual Studio Solution File, Format Version 12.00
# Visual Studio 2017
Project("{FAE04EC0-301F-11D3-BF4B-00C04F79EFBC}") = "custom", "custom.csproj", "{74F955C7-015A-DBB2-E33D-26E840463E90}"
EndProject
Project("{FAE04EC0-301F-11D3-BF4B-00C04F79EFBC}") = "custom.Editor", "custom.Editor.csproj", "{03FA1CE2-3C97-5847-0438-645A213DFE21}"
EndProject
Global
	GlobalSection(SolutionConfigurationPlatforms) = preSolution
		Debug|Any CPU = Debug|Any CPU
		Release|Any CPU = Release|Any CPU
	EndGlobalSection
	GlobalSection(ProjectConfigurationPlatforms) = postSolution
		{74F955C7-015A-DBB2-E33D-26E840463E90}.Debug|Any CPU.ActiveCfg = Debug|Any CPU
		{74F955C7-015A-DBB2-E33D-26E840463E90}.Debug|Any CPU.Build.0 = Debug|Any CPU
		{74F955C7-015A-DBB2-E33D-26E840463E90}.Release|Any CPU.ActiveCfg = Release|Any CPU
		{74F955C7-015A-DBB2-E33D-26E840463E90}.Release|Any CPU.Build.0 = Release|Any CPU
		{03FA1CE2-3C97-5847-0438-645A213DFE21}.Debug|Any CPU.ActiveCfg = Debug|Any CPU
		{03FA1CE2-3C97-5847-0438-645A213DFE21}.Debug|Any CPU.Build.0 = Debug|Any CPU
		{03FA1CE2-3C97-5847-0438-645A213DFE21}.Release|Any CPU.ActiveCfg = Release|Any CPU
		{03FA1CE2-3C97-5847-0438-645A213DFE21}.Release|Any CPU.Build.0 = Release|Any CPU
	EndGlobalSection
	GlobalSection(SolutionProperties) = preSolution
		HideSolutionNode = FALSE
	EndGlobalSection
EndGlobal
